
Microsoft Visual Studio Solution File, Format Version 12.00
# Visual Studio Version 17
VisualStudioVersion = 17.0.31903.59
MinimumVisualStudioVersion = 10.0.40219.1
Project("{2150E333-8FDC-42A3-9474-1A3956D46DE8}") = "src", "src", "{827E0CD3-B72D-47B6-A68D-7590B98EB39B}"
EndProject
Project("{FAE04EC0-301F-11D3-BF4B-00C04F79EFBC}") = "PeopleHub.API", "src\PeopleHub.API\PeopleHub.API.csproj", "{85625F96-8656-4003-9214-47E377390BF7}"
EndProject
Project("{2150E333-8FDC-42A3-9474-1A3956D46DE8}") = "tests", "tests", "{0AB3BF05-4346-4AA6-1389-037BE0695223}"
EndProject
Project("{FAE04EC0-301F-11D3-BF4B-00C04F79EFBC}") = "PeopleHub.UnitTests", "tests\PeopleHub.UnitTests\PeopleHub.UnitTests.csproj", "{383131F4-D15E-4446-BDE3-270934991E7F}"
EndProject
Project("{FAE04EC0-301F-11D3-BF4B-00C04F79EFBC}") = "PeopleHub.IntegrationTests", "tests\PeopleHub.IntegrationTests\PeopleHub.IntegrationTests.csproj", "{E5264577-41EE-43D7-ACC5-A3EFA9294575}"
EndProject
Project("{FAE04EC0-301F-11D3-BF4B-00C04F79EFBC}") = "PeopleHub.Domain", "src\PeopleHub.Domain\PeopleHub.Domain.csproj", "{18E59027-B6E6-47B5-9982-ABA940B4C311}"
EndProject
Project("{FAE04EC0-301F-11D3-BF4B-00C04F79EFBC}") = "PeopleHub.Contracts", "src\PeopleHub.Contracts\PeopleHub.Contracts.csproj", "{CCB7800C-957C-4483-8F14-21F7CCBF55DC}"
EndProject
Project("{FAE04EC0-301F-11D3-BF4B-00C04F79EFBC}") = "PeopleHub.Common", "src\PeopleHub.Common\PeopleHub.Common.csproj", "{1F46802E-AE6F-4ED1-9D85-29F65C80601F}"
EndProject
Project("{FAE04EC0-301F-11D3-BF4B-00C04F79EFBC}") = "PeopleHub.Application", "src\PeopleHub.Application\PeopleHub.Application.csproj", "{D712A59A-6CF1-49A3-AE21-370A9D7C65D9}"
EndProject
Project("{FAE04EC0-301F-11D3-BF4B-00C04F79EFBC}") = "PeopleHub.Infrastructure", "src\PeopleHub.Infrastructure\PeopleHub.Infrastructure.csproj", "{845E7BDD-A0FE-4C9D-96D4-5EEF35C73C81}"
EndProject
Project("{FAE04EC0-301F-11D3-BF4B-00C04F79EFBC}") = "PeopleHub.SmartMatch", "src\PeopleHub.SmartMatch\PeopleHub.SmartMatch.csproj", "{1ED6D7D7-01CE-483D-88D8-5DEB76AA3CB6}"
EndProject
Global
	GlobalSection(SolutionConfigurationPlatforms) = preSolution
		Debug|Any CPU = Debug|Any CPU
		Debug|x64 = Debug|x64
		Debug|x86 = Debug|x86
		Release|Any CPU = Release|Any CPU
		Release|x64 = Release|x64
		Release|x86 = Release|x86
	EndGlobalSection
	GlobalSection(ProjectConfigurationPlatforms) = postSolution
		{85625F96-8656-4003-9214-47E377390BF7}.Debug|Any CPU.ActiveCfg = Debug|Any CPU
		{85625F96-8656-4003-9214-47E377390BF7}.Debug|Any CPU.Build.0 = Debug|Any CPU
		{85625F96-8656-4003-9214-47E377390BF7}.Debug|x64.ActiveCfg = Debug|Any CPU
		{85625F96-8656-4003-9214-47E377390BF7}.Debug|x64.Build.0 = Debug|Any CPU
		{85625F96-8656-4003-9214-47E377390BF7}.Debug|x86.ActiveCfg = Debug|Any CPU
		{85625F96-8656-4003-9214-47E377390BF7}.Debug|x86.Build.0 = Debug|Any CPU
		{85625F96-8656-4003-9214-47E377390BF7}.Release|Any CPU.ActiveCfg = Release|Any CPU
		{85625F96-8656-4003-9214-47E377390BF7}.Release|Any CPU.Build.0 = Release|Any CPU
		{85625F96-8656-4003-9214-47E377390BF7}.Release|x64.ActiveCfg = Release|Any CPU
		{85625F96-8656-4003-9214-47E377390BF7}.Release|x64.Build.0 = Release|Any CPU
		{85625F96-8656-4003-9214-47E377390BF7}.Release|x86.ActiveCfg = Release|Any CPU
		{85625F96-8656-4003-9214-47E377390BF7}.Release|x86.Build.0 = Release|Any CPU
		{383131F4-D15E-4446-BDE3-270934991E7F}.Debug|Any CPU.ActiveCfg = Debug|Any CPU
		{383131F4-D15E-4446-BDE3-270934991E7F}.Debug|Any CPU.Build.0 = Debug|Any CPU
		{383131F4-D15E-4446-BDE3-270934991E7F}.Debug|x64.ActiveCfg = Debug|Any CPU
		{383131F4-D15E-4446-BDE3-270934991E7F}.Debug|x64.Build.0 = Debug|Any CPU
		{383131F4-D15E-4446-BDE3-270934991E7F}.Debug|x86.ActiveCfg = Debug|Any CPU
		{383131F4-D15E-4446-BDE3-270934991E7F}.Debug|x86.Build.0 = Debug|Any CPU
		{383131F4-D15E-4446-BDE3-270934991E7F}.Release|Any CPU.ActiveCfg = Release|Any CPU
		{383131F4-D15E-4446-BDE3-270934991E7F}.Release|Any CPU.Build.0 = Release|Any CPU
		{383131F4-D15E-4446-BDE3-270934991E7F}.Release|x64.ActiveCfg = Release|Any CPU
		{383131F4-D15E-4446-BDE3-270934991E7F}.Release|x64.Build.0 = Release|Any CPU
		{383131F4-D15E-4446-BDE3-270934991E7F}.Release|x86.ActiveCfg = Release|Any CPU
		{383131F4-D15E-4446-BDE3-270934991E7F}.Release|x86.Build.0 = Release|Any CPU
		{E5264577-41EE-43D7-ACC5-A3EFA9294575}.Debug|Any CPU.ActiveCfg = Debug|Any CPU
		{E5264577-41EE-43D7-ACC5-A3EFA9294575}.Debug|Any CPU.Build.0 = Debug|Any CPU
		{E5264577-41EE-43D7-ACC5-A3EFA9294575}.Debug|x64.ActiveCfg = Debug|Any CPU
		{E5264577-41EE-43D7-ACC5-A3EFA9294575}.Debug|x64.Build.0 = Debug|Any CPU
		{E5264577-41EE-43D7-ACC5-A3EFA9294575}.Debug|x86.ActiveCfg = Debug|Any CPU
		{E5264577-41EE-43D7-ACC5-A3EFA9294575}.Debug|x86.Build.0 = Debug|Any CPU
		{E5264577-41EE-43D7-ACC5-A3EFA9294575}.Release|Any CPU.ActiveCfg = Release|Any CPU
		{E5264577-41EE-43D7-ACC5-A3EFA9294575}.Release|Any CPU.Build.0 = Release|Any CPU
		{E5264577-41EE-43D7-ACC5-A3EFA9294575}.Release|x64.ActiveCfg = Release|Any CPU
		{E5264577-41EE-43D7-ACC5-A3EFA9294575}.Release|x64.Build.0 = Release|Any CPU
		{E5264577-41EE-43D7-ACC5-A3EFA9294575}.Release|x86.ActiveCfg = Release|Any CPU
		{E5264577-41EE-43D7-ACC5-A3EFA9294575}.Release|x86.Build.0 = Release|Any CPU
		{18E59027-B6E6-47B5-9982-ABA940B4C311}.Debug|Any CPU.ActiveCfg = Debug|Any CPU
		{18E59027-B6E6-47B5-9982-ABA940B4C311}.Debug|Any CPU.Build.0 = Debug|Any CPU
		{18E59027-B6E6-47B5-9982-ABA940B4C311}.Debug|x64.ActiveCfg = Debug|Any CPU
		{18E59027-B6E6-47B5-9982-ABA940B4C311}.Debug|x64.Build.0 = Debug|Any CPU
		{18E59027-B6E6-47B5-9982-ABA940B4C311}.Debug|x86.ActiveCfg = Debug|Any CPU
		{18E59027-B6E6-47B5-9982-ABA940B4C311}.Debug|x86.Build.0 = Debug|Any CPU
		{18E59027-B6E6-47B5-9982-ABA940B4C311}.Release|Any CPU.ActiveCfg = Release|Any CPU
		{18E59027-B6E6-47B5-9982-ABA940B4C311}.Release|Any CPU.Build.0 = Release|Any CPU
		{18E59027-B6E6-47B5-9982-ABA940B4C311}.Release|x64.ActiveCfg = Release|Any CPU
		{18E59027-B6E6-47B5-9982-ABA940B4C311}.Release|x64.Build.0 = Release|Any CPU
		{18E59027-B6E6-47B5-9982-ABA940B4C311}.Release|x86.ActiveCfg = Release|Any CPU
		{18E59027-B6E6-47B5-9982-ABA940B4C311}.Release|x86.Build.0 = Release|Any CPU
		{CCB7800C-957C-4483-8F14-21F7CCBF55DC}.Debug|Any CPU.ActiveCfg = Debug|Any CPU
		{CCB7800C-957C-4483-8F14-21F7CCBF55DC}.Debug|Any CPU.Build.0 = Debug|Any CPU
		{CCB7800C-957C-4483-8F14-21F7CCBF55DC}.Debug|x64.ActiveCfg = Debug|Any CPU
		{CCB7800C-957C-4483-8F14-21F7CCBF55DC}.Debug|x64.Build.0 = Debug|Any CPU
		{CCB7800C-957C-4483-8F14-21F7CCBF55DC}.Debug|x86.ActiveCfg = Debug|Any CPU
		{CCB7800C-957C-4483-8F14-21F7CCBF55DC}.Debug|x86.Build.0 = Debug|Any CPU
		{CCB7800C-957C-4483-8F14-21F7CCBF55DC}.Release|Any CPU.ActiveCfg = Release|Any CPU
		{CCB7800C-957C-4483-8F14-21F7CCBF55DC}.Release|Any CPU.Build.0 = Release|Any CPU
		{CCB7800C-957C-4483-8F14-21F7CCBF55DC}.Release|x64.ActiveCfg = Release|Any CPU
		{CCB7800C-957C-4483-8F14-21F7CCBF55DC}.Release|x64.Build.0 = Release|Any CPU
		{CCB7800C-957C-4483-8F14-21F7CCBF55DC}.Release|x86.ActiveCfg = Release|Any CPU
		{CCB7800C-957C-4483-8F14-21F7CCBF55DC}.Release|x86.Build.0 = Release|Any CPU
		{1F46802E-AE6F-4ED1-9D85-29F65C80601F}.Debug|Any CPU.ActiveCfg = Debug|Any CPU
		{1F46802E-AE6F-4ED1-9D85-29F65C80601F}.Debug|Any CPU.Build.0 = Debug|Any CPU
		{1F46802E-AE6F-4ED1-9D85-29F65C80601F}.Debug|x64.ActiveCfg = Debug|Any CPU
		{1F46802E-AE6F-4ED1-9D85-29F65C80601F}.Debug|x64.Build.0 = Debug|Any CPU
		{1F46802E-AE6F-4ED1-9D85-29F65C80601F}.Debug|x86.ActiveCfg = Debug|Any CPU
		{1F46802E-AE6F-4ED1-9D85-29F65C80601F}.Debug|x86.Build.0 = Debug|Any CPU
		{1F46802E-AE6F-4ED1-9D85-29F65C80601F}.Release|Any CPU.ActiveCfg = Release|Any CPU
		{1F46802E-AE6F-4ED1-9D85-29F65C80601F}.Release|Any CPU.Build.0 = Release|Any CPU
		{1F46802E-AE6F-4ED1-9D85-29F65C80601F}.Release|x64.ActiveCfg = Release|Any CPU
		{1F46802E-AE6F-4ED1-9D85-29F65C80601F}.Release|x64.Build.0 = Release|Any CPU
		{1F46802E-AE6F-4ED1-9D85-29F65C80601F}.Release|x86.ActiveCfg = Release|Any CPU
		{1F46802E-AE6F-4ED1-9D85-29F65C80601F}.Release|x86.Build.0 = Release|Any CPU
		{D712A59A-6CF1-49A3-AE21-370A9D7C65D9}.Debug|Any CPU.ActiveCfg = Debug|Any CPU
		{D712A59A-6CF1-49A3-AE21-370A9D7C65D9}.Debug|Any CPU.Build.0 = Debug|Any CPU
		{D712A59A-6CF1-49A3-AE21-370A9D7C65D9}.Debug|x64.ActiveCfg = Debug|Any CPU
		{D712A59A-6CF1-49A3-AE21-370A9D7C65D9}.Debug|x64.Build.0 = Debug|Any CPU
		{D712A59A-6CF1-49A3-AE21-370A9D7C65D9}.Debug|x86.ActiveCfg = Debug|Any CPU
		{D712A59A-6CF1-49A3-AE21-370A9D7C65D9}.Debug|x86.Build.0 = Debug|Any CPU
		{D712A59A-6CF1-49A3-AE21-370A9D7C65D9}.Release|Any CPU.ActiveCfg = Release|Any CPU
		{D712A59A-6CF1-49A3-AE21-370A9D7C65D9}.Release|Any CPU.Build.0 = Release|Any CPU
		{D712A59A-6CF1-49A3-AE21-370A9D7C65D9}.Release|x64.ActiveCfg = Release|Any CPU
		{D712A59A-6CF1-49A3-AE21-370A9D7C65D9}.Release|x64.Build.0 = Release|Any CPU
		{D712A59A-6CF1-49A3-AE21-370A9D7C65D9}.Release|x86.ActiveCfg = Release|Any CPU
		{D712A59A-6CF1-49A3-AE21-370A9D7C65D9}.Release|x86.Build.0 = Release|Any CPU
		{845E7BDD-A0FE-4C9D-96D4-5EEF35C73C81}.Debug|Any CPU.ActiveCfg = Debug|Any CPU
		{845E7BDD-A0FE-4C9D-96D4-5EEF35C73C81}.Debug|Any CPU.Build.0 = Debug|Any CPU
		{845E7BDD-A0FE-4C9D-96D4-5EEF35C73C81}.Debug|x64.ActiveCfg = Debug|Any CPU
		{845E7BDD-A0FE-4C9D-96D4-5EEF35C73C81}.Debug|x64.Build.0 = Debug|Any CPU
		{845E7BDD-A0FE-4C9D-96D4-5EEF35C73C81}.Debug|x86.ActiveCfg = Debug|Any CPU
		{845E7BDD-A0FE-4C9D-96D4-5EEF35C73C81}.Debug|x86.Build.0 = Debug|Any CPU
		{845E7BDD-A0FE-4C9D-96D4-5EEF35C73C81}.Release|Any CPU.ActiveCfg = Release|Any CPU
		{845E7BDD-A0FE-4C9D-96D4-5EEF35C73C81}.Release|Any CPU.Build.0 = Release|Any CPU
		{845E7BDD-A0FE-4C9D-96D4-5EEF35C73C81}.Release|x64.ActiveCfg = Release|Any CPU
		{845E7BDD-A0FE-4C9D-96D4-5EEF35C73C81}.Release|x64.Build.0 = Release|Any CPU
		{845E7BDD-A0FE-4C9D-96D4-5EEF35C73C81}.Release|x86.ActiveCfg = Release|Any CPU
		{845E7BDD-A0FE-4C9D-96D4-5EEF35C73C81}.Release|x86.Build.0 = Release|Any CPU
		{1ED6D7D7-01CE-483D-88D8-5DEB76AA3CB6}.Debug|Any CPU.ActiveCfg = Debug|Any CPU
		{1ED6D7D7-01CE-483D-88D8-5DEB76AA3CB6}.Debug|Any CPU.Build.0 = Debug|Any CPU
		{1ED6D7D7-01CE-483D-88D8-5DEB76AA3CB6}.Debug|x64.ActiveCfg = Debug|Any CPU
		{1ED6D7D7-01CE-483D-88D8-5DEB76AA3CB6}.Debug|x64.Build.0 = Debug|Any CPU
		{1ED6D7D7-01CE-483D-88D8-5DEB76AA3CB6}.Debug|x86.ActiveCfg = Debug|Any CPU
		{1ED6D7D7-01CE-483D-88D8-5DEB76AA3CB6}.Debug|x86.Build.0 = Debug|Any CPU
		{1ED6D7D7-01CE-483D-88D8-5DEB76AA3CB6}.Release|Any CPU.ActiveCfg = Release|Any CPU
		{1ED6D7D7-01CE-483D-88D8-5DEB76AA3CB6}.Release|Any CPU.Build.0 = Release|Any CPU
		{1ED6D7D7-01CE-483D-88D8-5DEB76AA3CB6}.Release|x64.ActiveCfg = Release|Any CPU
		{1ED6D7D7-01CE-483D-88D8-5DEB76AA3CB6}.Release|x64.Build.0 = Release|Any CPU
		{1ED6D7D7-01CE-483D-88D8-5DEB76AA3CB6}.Release|x86.ActiveCfg = Release|Any CPU
		{1ED6D7D7-01CE-483D-88D8-5DEB76AA3CB6}.Release|x86.Build.0 = Release|Any CPU
	EndGlobalSection
	GlobalSection(SolutionProperties) = preSolution
		HideSolutionNode = FALSE
	EndGlobalSection
	GlobalSection(NestedProjects) = preSolution
		{85625F96-8656-4003-9214-47E377390BF7} = {827E0CD3-B72D-47B6-A68D-7590B98EB39B}
		{383131F4-D15E-4446-BDE3-270934991E7F} = {0AB3BF05-4346-4AA6-1389-037BE0695223}
		{E5264577-41EE-43D7-ACC5-A3EFA9294575} = {0AB3BF05-4346-4AA6-1389-037BE0695223}
		{18E59027-B6E6-47B5-9982-ABA940B4C311} = {827E0CD3-B72D-47B6-A68D-7590B98EB39B}
		{CCB7800C-957C-4483-8F14-21F7CCBF55DC} = {827E0CD3-B72D-47B6-A68D-7590B98EB39B}
		{1F46802E-AE6F-4ED1-9D85-29F65C80601F} = {827E0CD3-B72D-47B6-A68D-7590B98EB39B}
		{D712A59A-6CF1-49A3-AE21-370A9D7C65D9} = {827E0CD3-B72D-47B6-A68D-7590B98EB39B}
		{845E7BDD-A0FE-4C9D-96D4-5EEF35C73C81} = {827E0CD3-B72D-47B6-A68D-7590B98EB39B}
		{1ED6D7D7-01CE-483D-88D8-5DEB76AA3CB6} = {827E0CD3-B72D-47B6-A68D-7590B98EB39B}
	EndGlobalSection
EndGlobal
